
Microsoft Visual Studio Solution File, Format Version 12.00
# Visual Studio Version 17
VisualStudioVersion = 17.14.36518.9
MinimumVisualStudioVersion = 10.0.40219.1
Project("{2150E333-8FDC-42A3-9474-1A3956D46DE8}") = "Task0", "Task0", "{36D591C7-65C7-A0D1-1CBC-10CDE441BDC8}"
EndProject
Project("{FAE04EC0-301F-11D3-BF4B-00C04F79EFBC}") = "Tyuiu.VyazovES.Sprint6.Task0.V16.Lib", "Tyuiu.VyazovES.Sprint6.Task0.V16.Lib\Tyuiu.VyazovES.Sprint6.Task0.V16.Lib.csproj", "{79BBC6A9-8748-4802-A914-E790F34ABF19}"
EndProject
Project("{FAE04EC0-301F-11D3-BF4B-00C04F79EFBC}") = "Tyuiu.VyazovES.Sprint6.Task0.V16.Test", "Tyuiu.VyazovES.Sprint6.Task0.V16.Test\Tyuiu.VyazovES.Sprint6.Task0.V16.Test.csproj", "{2462D3FF-3FC0-4D18-9064-524C815BD66D}"
EndProject
Project("{FAE04EC0-301F-11D3-BF4B-00C04F79EFBC}") = "Tyuiu.VyazovES.Sprint6.Task0.V16", "Tyuiu.VyazovES.Sprint6.Task0.V16\Tyuiu.VyazovES.Sprint6.Task0.V16.csproj", "{2FFAA121-2FAB-4FC1-9B0D-09B59CAFC8D9}"
EndProject
Project("{2150E333-8FDC-42A3-9474-1A3956D46DE8}") = "Task1", "Task1", "{21B72C4A-A49D-4707-8BCC-8F8E9E8FFECD}"
EndProject
Project("{FAE04EC0-301F-11D3-BF4B-00C04F79EFBC}") = "Tyuiu.VyazovES.Sprint6.Task1.V5.Test", "Tyuiu.VyazovES.Sprint6.Task1.V5.Test\Tyuiu.VyazovES.Sprint6.Task1.V5.Test.csproj", "{F61FB29F-3F77-4044-B162-518D0F301D04}"
EndProject
Project("{FAE04EC0-301F-11D3-BF4B-00C04F79EFBC}") = "Tyuiu.VyazovES.Sprint6.Task1.V5.Lib", "Tyuiu.VyazovES.Sprint6.Task1.V5.Lib\Tyuiu.VyazovES.Sprint6.Task1.V5.Lib.csproj", "{A166DFAE-7060-4045-9FEE-0B0770320783}"
EndProject
Project("{FAE04EC0-301F-11D3-BF4B-00C04F79EFBC}") = "Tyuiu.VyazovES.Sprint6.Task1.V5", "Tyuiu.VyazovES.Sprint6.Task1.V5\Tyuiu.VyazovES.Sprint6.Task1.V5.csproj", "{E176BA20-5FA7-4924-AE66-3B5090B5AB85}"
EndProject
Project("{2150E333-8FDC-42A3-9474-1A3956D46DE8}") = "Test", "Test", "{630ABBC2-F58F-4F78-9FD1-DCD9404107CF}"
EndProject
Project("{FAE04EC0-301F-11D3-BF4B-00C04F79EFBC}") = "WinFormsApp1", "WinFormsApp1\WinFormsApp1.csproj", "{A46B1967-ADC5-4FA3-8BB5-9B684E338D92}"
EndProject
Project("{2150E333-8FDC-42A3-9474-1A3956D46DE8}") = "Task2", "Task2", "{341C80FD-2189-41C3-9D7A-96AF4E638134}"
EndProject
Project("{FAE04EC0-301F-11D3-BF4B-00C04F79EFBC}") = "Tyuiu.VyazovES.Sprint6.Task2.V14", "Tyuiu.VyazovES.Sprint6.Task2.V14\Tyuiu.VyazovES.Sprint6.Task2.V14.csproj", "{7442A635-A00D-4361-9144-BCC0A46B4340}"
EndProject
Project("{FAE04EC0-301F-11D3-BF4B-00C04F79EFBC}") = "Tyuiu.VyazovES.Sprint6.Task2.V14.Lib", "Tyuiu.VyazovES.Sprint6.Task2.V14.Lib\Tyuiu.VyazovES.Sprint6.Task2.V14.Lib.csproj", "{BFC8E542-FAFD-4DF3-B4F0-89D3DEFDAE4A}"
EndProject
Project("{FAE04EC0-301F-11D3-BF4B-00C04F79EFBC}") = "Tyuiu.VyazovES.Sprint6.Task2.V14.Test", "Tyuiu.VyazovES.Sprint6.Task2.V14.Test\Tyuiu.VyazovES.Sprint6.Task2.V14.Test.csproj", "{A3C558C5-685A-4595-A0E8-1D224CF2D755}"
EndProject
Project("{2150E333-8FDC-42A3-9474-1A3956D46DE8}") = "Task3", "Task3", "{9E76AB4F-EFCE-4DE6-9577-A0112C49A5A5}"
EndProject
Project("{FAE04EC0-301F-11D3-BF4B-00C04F79EFBC}") = "Tyuiu.VyazovES.Sprint6.Task3.V16", "Tyuiu.VyazovES.Sprint6.Task3.V16\Tyuiu.VyazovES.Sprint6.Task3.V16.csproj", "{78410A8A-B92C-4185-9599-C8716F601879}"
EndProject
Project("{FAE04EC0-301F-11D3-BF4B-00C04F79EFBC}") = "Tyuiu.VyazovES.Sprint6.Task3.V16.Test", "Tyuiu.VyazovES.Sprint6.Task3.V16.Test\Tyuiu.VyazovES.Sprint6.Task3.V16.Test.csproj", "{28EDA3FD-CF63-4FF5-9868-33262A8EB078}"
EndProject
Project("{FAE04EC0-301F-11D3-BF4B-00C04F79EFBC}") = "Tyuiu.VyazovES.Sprint6.Task3.V16.Lib", "Tyuiu.VyazovES.Sprint6.Task3.V16.Lib\Tyuiu.VyazovES.Sprint6.Task3.V16.Lib.csproj", "{A8172922-8DCE-4805-B730-C20FCA0996B7}"
EndProject
Project("{2150E333-8FDC-42A3-9474-1A3956D46DE8}") = "Task4", "Task4", "{71DCE196-33E4-401F-8BE8-DE998085C35D}"
EndProject
Project("{FAE04EC0-301F-11D3-BF4B-00C04F79EFBC}") = "Tyuiu.VyazovES.Sprint6.Task4.V29", "Tyuiu.VyazovES.Sprint6.Task4.V29\Tyuiu.VyazovES.Sprint6.Task4.V29.csproj", "{47DE6A87-7856-4C1E-A04A-79BE7CB32102}"
EndProject
Project("{FAE04EC0-301F-11D3-BF4B-00C04F79EFBC}") = "Tyuiu.VyazovES.Sprint6.Task4.V29.Test", "Tyuiu.VyazovES.Sprint6.Task4.V29.Test\Tyuiu.VyazovES.Sprint6.Task4.V29.Test.csproj", "{FF139F1E-9011-4E7F-9CA3-9EF3EA93FECA}"
EndProject
Project("{FAE04EC0-301F-11D3-BF4B-00C04F79EFBC}") = "Tyuiu.VyazovES.Sprint6.Task4.V29.Lib", "Tyuiu.VyazovES.Sprint6.Task4.V29.Lib\Tyuiu.VyazovES.Sprint6.Task4.V29.Lib.csproj", "{1ADE5489-80F3-4DB9-A42B-6642B3FB8E34}"
EndProject
Project("{FAE04EC0-301F-11D3-BF4B-00C04F79EFBC}") = "WinFormsApp2", "WinFormsApp2\WinFormsApp2.csproj", "{CBAF98C3-B24B-49FF-9884-2FDECE5E9D84}"
EndProject
Project("{2150E333-8FDC-42A3-9474-1A3956D46DE8}") = "Task5", "Task5", "{CA071015-0D43-467F-95E5-5D1D64968A70}"
EndProject
Project("{FAE04EC0-301F-11D3-BF4B-00C04F79EFBC}") = "Tyuiu.VyazovES.Sprint6.Task5.V28", "Tyuiu.VyazovES.Sprint6.Task5.V28\Tyuiu.VyazovES.Sprint6.Task5.V28.csproj", "{961B41EB-1EE3-48DE-A246-8BF00933B5A2}"
EndProject
Project("{FAE04EC0-301F-11D3-BF4B-00C04F79EFBC}") = "Tyuiu.VyazovES.Sprint6.Task5.V28.Test", "Tyuiu.VyazovES.Sprint6.Task5.V28.Test\Tyuiu.VyazovES.Sprint6.Task5.V28.Test.csproj", "{8186C70B-BB8A-4A88-8E26-1EB61388F923}"
EndProject
Project("{FAE04EC0-301F-11D3-BF4B-00C04F79EFBC}") = "Tyuiu.VyazovES.Sprint6.Task5.V28.Lib", "Tyuiu.VyazovES.Sprint6.Task5.V28.Lib\Tyuiu.VyazovES.Sprint6.Task5.V28.Lib.csproj", "{027EB04C-E2CE-4894-9BD7-570828426E43}"
EndProject
Project("{2150E333-8FDC-42A3-9474-1A3956D46DE8}") = "Task6", "Task6", "{101D1357-8535-46AD-B503-114E2874CA55}"
EndProject
Project("{FAE04EC0-301F-11D3-BF4B-00C04F79EFBC}") = "Tyuiu.VyazovES.Sprint6.Task6.V19", "Tyuiu.VyazovES.Sprint6.Task6.V19\Tyuiu.VyazovES.Sprint6.Task6.V19.csproj", "{F06393CA-6C23-4818-B776-EE1588100658}"
EndProject
Project("{FAE04EC0-301F-11D3-BF4B-00C04F79EFBC}") = "Tyuiu.VyazovES.Sprint6.Task6.V19.Test", "Tyuiu.VyazovES.Sprint6.Task6.V19.Test\Tyuiu.VyazovES.Sprint6.Task6.V19.Test.csproj", "{B7055FAE-20EE-4EAB-A955-BA7E9F3922C7}"
EndProject
Project("{FAE04EC0-301F-11D3-BF4B-00C04F79EFBC}") = "Tyuiu.VyazovES.Sprint6.Task6.V19.Lib", "Tyuiu.VyazovES.Sprint6.Task6.V19.Lib\Tyuiu.VyazovES.Sprint6.Task6.V19.Lib.csproj", "{B0CDA5FC-D465-4E74-A4E1-22A47C825560}"
EndProject
Project("{2150E333-8FDC-42A3-9474-1A3956D46DE8}") = "Task7", "Task7", "{D04917D6-3543-47FB-AB79-8ACF3611BA0A}"
EndProject
Project("{FAE04EC0-301F-11D3-BF4B-00C04F79EFBC}") = "Tyuiu.VyazovES.Sprint6.Task7.V26", "Tyuiu.VyazovES.Sprint6.Task7.V26\Tyuiu.VyazovES.Sprint6.Task7.V26.csproj", "{A05F5DD7-CDB5-4EBA-A5C3-E44F622C5AFA}"
EndProject
Project("{FAE04EC0-301F-11D3-BF4B-00C04F79EFBC}") = "Tyuiu.VyazovES.Sprint6.Task7.V26.Test", "Tyuiu.VyazovES.Sprint6.Task7.V26.Test\Tyuiu.VyazovES.Sprint6.Task7.V26.Test.csproj", "{5B91538F-32E2-4E23-B0D9-2F0A39B71ED8}"
EndProject
Project("{FAE04EC0-301F-11D3-BF4B-00C04F79EFBC}") = "Tyuiu.VyazovES.Sprint6.Task7.V26.Lib", "Tyuiu.VyazovES.Sprint6.Task7.V26.Lib\Tyuiu.VyazovES.Sprint6.Task7.V26.Lib.csproj", "{31C36D77-195A-47A2-84B4-2A22FB9C828C}"
EndProject
Project("{FAE04EC0-301F-11D3-BF4B-00C04F79EFBC}") = "Tyuiu.VyazovES.Sprint6.Task7.V26", "Tyuiu.VyazovES.Sprint6.Task7.V26\Tyuiu.VyazovES.Sprint6.Task7.V26.csproj", "{9224516B-B590-4491-8B25-5ED0B6B89E73}"
EndProject
Global
	GlobalSection(SolutionConfigurationPlatforms) = preSolution
		Debug|Any CPU = Debug|Any CPU
		Release|Any CPU = Release|Any CPU
	EndGlobalSection
	GlobalSection(ProjectConfigurationPlatforms) = postSolution
		{79BBC6A9-8748-4802-A914-E790F34ABF19}.Debug|Any CPU.ActiveCfg = Debug|Any CPU
		{79BBC6A9-8748-4802-A914-E790F34ABF19}.Debug|Any CPU.Build.0 = Debug|Any CPU
		{79BBC6A9-8748-4802-A914-E790F34ABF19}.Release|Any CPU.ActiveCfg = Release|Any CPU
		{79BBC6A9-8748-4802-A914-E790F34ABF19}.Release|Any CPU.Build.0 = Release|Any CPU
		{2462D3FF-3FC0-4D18-9064-524C815BD66D}.Debug|Any CPU.ActiveCfg = Debug|Any CPU
		{2462D3FF-3FC0-4D18-9064-524C815BD66D}.Debug|Any CPU.Build.0 = Debug|Any CPU
		{2462D3FF-3FC0-4D18-9064-524C815BD66D}.Release|Any CPU.ActiveCfg = Release|Any CPU
		{2462D3FF-3FC0-4D18-9064-524C815BD66D}.Release|Any CPU.Build.0 = Release|Any CPU
		{2FFAA121-2FAB-4FC1-9B0D-09B59CAFC8D9}.Debug|Any CPU.ActiveCfg = Debug|Any CPU
		{2FFAA121-2FAB-4FC1-9B0D-09B59CAFC8D9}.Debug|Any CPU.Build.0 = Debug|Any CPU
		{2FFAA121-2FAB-4FC1-9B0D-09B59CAFC8D9}.Release|Any CPU.ActiveCfg = Release|Any CPU
		{2FFAA121-2FAB-4FC1-9B0D-09B59CAFC8D9}.Release|Any CPU.Build.0 = Release|Any CPU
		{F61FB29F-3F77-4044-B162-518D0F301D04}.Debug|Any CPU.ActiveCfg = Debug|Any CPU
		{F61FB29F-3F77-4044-B162-518D0F301D04}.Debug|Any CPU.Build.0 = Debug|Any CPU
		{F61FB29F-3F77-4044-B162-518D0F301D04}.Release|Any CPU.ActiveCfg = Release|Any CPU
		{F61FB29F-3F77-4044-B162-518D0F301D04}.Release|Any CPU.Build.0 = Release|Any CPU
		{A166DFAE-7060-4045-9FEE-0B0770320783}.Debug|Any CPU.ActiveCfg = Debug|Any CPU
		{A166DFAE-7060-4045-9FEE-0B0770320783}.Debug|Any CPU.Build.0 = Debug|Any CPU
		{A166DFAE-7060-4045-9FEE-0B0770320783}.Release|Any CPU.ActiveCfg = Release|Any CPU
		{A166DFAE-7060-4045-9FEE-0B0770320783}.Release|Any CPU.Build.0 = Release|Any CPU
		{E176BA20-5FA7-4924-AE66-3B5090B5AB85}.Debug|Any CPU.ActiveCfg = Debug|Any CPU
		{E176BA20-5FA7-4924-AE66-3B5090B5AB85}.Debug|Any CPU.Build.0 = Debug|Any CPU
		{E176BA20-5FA7-4924-AE66-3B5090B5AB85}.Release|Any CPU.ActiveCfg = Release|Any CPU
		{E176BA20-5FA7-4924-AE66-3B5090B5AB85}.Release|Any CPU.Build.0 = Release|Any CPU
		{A46B1967-ADC5-4FA3-8BB5-9B684E338D92}.Debug|Any CPU.ActiveCfg = Debug|Any CPU
		{A46B1967-ADC5-4FA3-8BB5-9B684E338D92}.Debug|Any CPU.Build.0 = Debug|Any CPU
		{A46B1967-ADC5-4FA3-8BB5-9B684E338D92}.Release|Any CPU.ActiveCfg = Release|Any CPU
		{A46B1967-ADC5-4FA3-8BB5-9B684E338D92}.Release|Any CPU.Build.0 = Release|Any CPU
		{7442A635-A00D-4361-9144-BCC0A46B4340}.Debug|Any CPU.ActiveCfg = Debug|Any CPU
		{7442A635-A00D-4361-9144-BCC0A46B4340}.Debug|Any CPU.Build.0 = Debug|Any CPU
		{7442A635-A00D-4361-9144-BCC0A46B4340}.Release|Any CPU.ActiveCfg = Release|Any CPU
		{7442A635-A00D-4361-9144-BCC0A46B4340}.Release|Any CPU.Build.0 = Release|Any CPU
		{BFC8E542-FAFD-4DF3-B4F0-89D3DEFDAE4A}.Debug|Any CPU.ActiveCfg = Debug|Any CPU
		{BFC8E542-FAFD-4DF3-B4F0-89D3DEFDAE4A}.Debug|Any CPU.Build.0 = Debug|Any CPU
		{BFC8E542-FAFD-4DF3-B4F0-89D3DEFDAE4A}.Release|Any CPU.ActiveCfg = Release|Any CPU
		{BFC8E542-FAFD-4DF3-B4F0-89D3DEFDAE4A}.Release|Any CPU.Build.0 = Release|Any CPU
		{A3C558C5-685A-4595-A0E8-1D224CF2D755}.Debug|Any CPU.ActiveCfg = Debug|Any CPU
		{A3C558C5-685A-4595-A0E8-1D224CF2D755}.Debug|Any CPU.Build.0 = Debug|Any CPU
		{A3C558C5-685A-4595-A0E8-1D224CF2D755}.Release|Any CPU.ActiveCfg = Release|Any CPU
		{A3C558C5-685A-4595-A0E8-1D224CF2D755}.Release|Any CPU.Build.0 = Release|Any CPU
		{78410A8A-B92C-4185-9599-C8716F601879}.Debug|Any CPU.ActiveCfg = Debug|Any CPU
		{78410A8A-B92C-4185-9599-C8716F601879}.Debug|Any CPU.Build.0 = Debug|Any CPU
		{78410A8A-B92C-4185-9599-C8716F601879}.Release|Any CPU.ActiveCfg = Release|Any CPU
		{78410A8A-B92C-4185-9599-C8716F601879}.Release|Any CPU.Build.0 = Release|Any CPU
		{28EDA3FD-CF63-4FF5-9868-33262A8EB078}.Debug|Any CPU.ActiveCfg = Debug|Any CPU
		{28EDA3FD-CF63-4FF5-9868-33262A8EB078}.Debug|Any CPU.Build.0 = Debug|Any CPU
		{28EDA3FD-CF63-4FF5-9868-33262A8EB078}.Release|Any CPU.ActiveCfg = Release|Any CPU
		{28EDA3FD-CF63-4FF5-9868-33262A8EB078}.Release|Any CPU.Build.0 = Release|Any CPU
		{A8172922-8DCE-4805-B730-C20FCA0996B7}.Debug|Any CPU.ActiveCfg = Debug|Any CPU
		{A8172922-8DCE-4805-B730-C20FCA0996B7}.Debug|Any CPU.Build.0 = Debug|Any CPU
		{A8172922-8DCE-4805-B730-C20FCA0996B7}.Release|Any CPU.ActiveCfg = Release|Any CPU
		{A8172922-8DCE-4805-B730-C20FCA0996B7}.Release|Any CPU.Build.0 = Release|Any CPU
		{47DE6A87-7856-4C1E-A04A-79BE7CB32102}.Debug|Any CPU.ActiveCfg = Debug|Any CPU
		{47DE6A87-7856-4C1E-A04A-79BE7CB32102}.Debug|Any CPU.Build.0 = Debug|Any CPU
		{47DE6A87-7856-4C1E-A04A-79BE7CB32102}.Release|Any CPU.ActiveCfg = Release|Any CPU
		{47DE6A87-7856-4C1E-A04A-79BE7CB32102}.Release|Any CPU.Build.0 = Release|Any CPU
		{FF139F1E-9011-4E7F-9CA3-9EF3EA93FECA}.Debug|Any CPU.ActiveCfg = Debug|Any CPU
		{FF139F1E-9011-4E7F-9CA3-9EF3EA93FECA}.Debug|Any CPU.Build.0 = Debug|Any CPU
		{FF139F1E-9011-4E7F-9CA3-9EF3EA93FECA}.Release|Any CPU.ActiveCfg = Release|Any CPU
		{FF139F1E-9011-4E7F-9CA3-9EF3EA93FECA}.Release|Any CPU.Build.0 = Release|Any CPU
		{1ADE5489-80F3-4DB9-A42B-6642B3FB8E34}.Debug|Any CPU.ActiveCfg = Debug|Any CPU
		{1ADE5489-80F3-4DB9-A42B-6642B3FB8E34}.Debug|Any CPU.Build.0 = Debug|Any CPU
		{1ADE5489-80F3-4DB9-A42B-6642B3FB8E34}.Release|Any CPU.ActiveCfg = Release|Any CPU
		{1ADE5489-80F3-4DB9-A42B-6642B3FB8E34}.Release|Any CPU.Build.0 = Release|Any CPU
		{CBAF98C3-B24B-49FF-9884-2FDECE5E9D84}.Debug|Any CPU.ActiveCfg = Debug|Any CPU
		{CBAF98C3-B24B-49FF-9884-2FDECE5E9D84}.Debug|Any CPU.Build.0 = Debug|Any CPU
		{CBAF98C3-B24B-49FF-9884-2FDECE5E9D84}.Release|Any CPU.ActiveCfg = Release|Any CPU
		{CBAF98C3-B24B-49FF-9884-2FDECE5E9D84}.Release|Any CPU.Build.0 = Release|Any CPU
		{961B41EB-1EE3-48DE-A246-8BF00933B5A2}.Debug|Any CPU.ActiveCfg = Debug|Any CPU
		{961B41EB-1EE3-48DE-A246-8BF00933B5A2}.Debug|Any CPU.Build.0 = Debug|Any CPU
		{961B41EB-1EE3-48DE-A246-8BF00933B5A2}.Release|Any CPU.ActiveCfg = Release|Any CPU
		{961B41EB-1EE3-48DE-A246-8BF00933B5A2}.Release|Any CPU.Build.0 = Release|Any CPU
		{8186C70B-BB8A-4A88-8E26-1EB61388F923}.Debug|Any CPU.ActiveCfg = Debug|Any CPU
		{8186C70B-BB8A-4A88-8E26-1EB61388F923}.Debug|Any CPU.Build.0 = Debug|Any CPU
		{8186C70B-BB8A-4A88-8E26-1EB61388F923}.Release|Any CPU.ActiveCfg = Release|Any CPU
		{8186C70B-BB8A-4A88-8E26-1EB61388F923}.Release|Any CPU.Build.0 = Release|Any CPU
		{027EB04C-E2CE-4894-9BD7-570828426E43}.Debug|Any CPU.ActiveCfg = Debug|Any CPU
		{027EB04C-E2CE-4894-9BD7-570828426E43}.Debug|Any CPU.Build.0 = Debug|Any CPU
		{027EB04C-E2CE-4894-9BD7-570828426E43}.Release|Any CPU.ActiveCfg = Release|Any CPU
		{027EB04C-E2CE-4894-9BD7-570828426E43}.Release|Any CPU.Build.0 = Release|Any CPU
		{F06393CA-6C23-4818-B776-EE1588100658}.Debug|Any CPU.ActiveCfg = Debug|Any CPU
		{F06393CA-6C23-4818-B776-EE1588100658}.Debug|Any CPU.Build.0 = Debug|Any CPU
		{F06393CA-6C23-4818-B776-EE1588100658}.Release|Any CPU.ActiveCfg = Release|Any CPU
		{F06393CA-6C23-4818-B776-EE1588100658}.Release|Any CPU.Build.0 = Release|Any CPU
		{B7055FAE-20EE-4EAB-A955-BA7E9F3922C7}.Debug|Any CPU.ActiveCfg = Debug|Any CPU
		{B7055FAE-20EE-4EAB-A955-BA7E9F3922C7}.Debug|Any CPU.Build.0 = Debug|Any CPU
		{B7055FAE-20EE-4EAB-A955-BA7E9F3922C7}.Release|Any CPU.ActiveCfg = Release|Any CPU
		{B7055FAE-20EE-4EAB-A955-BA7E9F3922C7}.Release|Any CPU.Build.0 = Release|Any CPU
		{B0CDA5FC-D465-4E74-A4E1-22A47C825560}.Debug|Any CPU.ActiveCfg = Debug|Any CPU
		{B0CDA5FC-D465-4E74-A4E1-22A47C825560}.Debug|Any CPU.Build.0 = Debug|Any CPU
		{B0CDA5FC-D465-4E74-A4E1-22A47C825560}.Release|Any CPU.ActiveCfg = Release|Any CPU
		{B0CDA5FC-D465-4E74-A4E1-22A47C825560}.Release|Any CPU.Build.0 = Release|Any CPU
		{A05F5DD7-CDB5-4EBA-A5C3-E44F622C5AFA}.Debug|Any CPU.ActiveCfg = Debug|Any CPU
		{A05F5DD7-CDB5-4EBA-A5C3-E44F622C5AFA}.Debug|Any CPU.Build.0 = Debug|Any CPU
		{A05F5DD7-CDB5-4EBA-A5C3-E44F622C5AFA}.Release|Any CPU.ActiveCfg = Release|Any CPU
		{A05F5DD7-CDB5-4EBA-A5C3-E44F622C5AFA}.Release|Any CPU.Build.0 = Release|Any CPU
		{5B91538F-32E2-4E23-B0D9-2F0A39B71ED8}.Debug|Any CPU.ActiveCfg = Debug|Any CPU
		{5B91538F-32E2-4E23-B0D9-2F0A39B71ED8}.Debug|Any CPU.Build.0 = Debug|Any CPU
		{5B91538F-32E2-4E23-B0D9-2F0A39B71ED8}.Release|Any CPU.ActiveCfg = Release|Any CPU
		{5B91538F-32E2-4E23-B0D9-2F0A39B71ED8}.Release|Any CPU.Build.0 = Release|Any CPU
		{31C36D77-195A-47A2-84B4-2A22FB9C828C}.Debug|Any CPU.ActiveCfg = Debug|Any CPU
		{31C36D77-195A-47A2-84B4-2A22FB9C828C}.Debug|Any CPU.Build.0 = Debug|Any CPU
		{31C36D77-195A-47A2-84B4-2A22FB9C828C}.Release|Any CPU.ActiveCfg = Release|Any CPU
		{31C36D77-195A-47A2-84B4-2A22FB9C828C}.Release|Any CPU.Build.0 = Release|Any CPU
		{9224516B-B590-4491-8B25-5ED0B6B89E73}.Debug|Any CPU.ActiveCfg = Debug|Any CPU
		{9224516B-B590-4491-8B25-5ED0B6B89E73}.Debug|Any CPU.Build.0 = Debug|Any CPU
		{9224516B-B590-4491-8B25-5ED0B6B89E73}.Release|Any CPU.ActiveCfg = Release|Any CPU
		{9224516B-B590-4491-8B25-5ED0B6B89E73}.Release|Any CPU.Build.0 = Release|Any CPU
	EndGlobalSection
	GlobalSection(SolutionProperties) = preSolution
		HideSolutionNode = FALSE
	EndGlobalSection
	GlobalSection(NestedProjects) = preSolution
		{79BBC6A9-8748-4802-A914-E790F34ABF19} = {36D591C7-65C7-A0D1-1CBC-10CDE441BDC8}
		{2462D3FF-3FC0-4D18-9064-524C815BD66D} = {36D591C7-65C7-A0D1-1CBC-10CDE441BDC8}
		{2FFAA121-2FAB-4FC1-9B0D-09B59CAFC8D9} = {36D591C7-65C7-A0D1-1CBC-10CDE441BDC8}
		{F61FB29F-3F77-4044-B162-518D0F301D04} = {21B72C4A-A49D-4707-8BCC-8F8E9E8FFECD}
		{A166DFAE-7060-4045-9FEE-0B0770320783} = {21B72C4A-A49D-4707-8BCC-8F8E9E8FFECD}
		{E176BA20-5FA7-4924-AE66-3B5090B5AB85} = {21B72C4A-A49D-4707-8BCC-8F8E9E8FFECD}
		{A46B1967-ADC5-4FA3-8BB5-9B684E338D92} = {630ABBC2-F58F-4F78-9FD1-DCD9404107CF}
		{7442A635-A00D-4361-9144-BCC0A46B4340} = {341C80FD-2189-41C3-9D7A-96AF4E638134}
		{BFC8E542-FAFD-4DF3-B4F0-89D3DEFDAE4A} = {341C80FD-2189-41C3-9D7A-96AF4E638134}
		{A3C558C5-685A-4595-A0E8-1D224CF2D755} = {341C80FD-2189-41C3-9D7A-96AF4E638134}
		{78410A8A-B92C-4185-9599-C8716F601879} = {9E76AB4F-EFCE-4DE6-9577-A0112C49A5A5}
		{28EDA3FD-CF63-4FF5-9868-33262A8EB078} = {9E76AB4F-EFCE-4DE6-9577-A0112C49A5A5}
		{A8172922-8DCE-4805-B730-C20FCA0996B7} = {9E76AB4F-EFCE-4DE6-9577-A0112C49A5A5}
		{47DE6A87-7856-4C1E-A04A-79BE7CB32102} = {71DCE196-33E4-401F-8BE8-DE998085C35D}
		{FF139F1E-9011-4E7F-9CA3-9EF3EA93FECA} = {71DCE196-33E4-401F-8BE8-DE998085C35D}
		{1ADE5489-80F3-4DB9-A42B-6642B3FB8E34} = {71DCE196-33E4-401F-8BE8-DE998085C35D}
		{CBAF98C3-B24B-49FF-9884-2FDECE5E9D84} = {630ABBC2-F58F-4F78-9FD1-DCD9404107CF}
		{961B41EB-1EE3-48DE-A246-8BF00933B5A2} = {CA071015-0D43-467F-95E5-5D1D64968A70}
		{8186C70B-BB8A-4A88-8E26-1EB61388F923} = {CA071015-0D43-467F-95E5-5D1D64968A70}
		{027EB04C-E2CE-4894-9BD7-570828426E43} = {CA071015-0D43-467F-95E5-5D1D64968A70}
		{F06393CA-6C23-4818-B776-EE1588100658} = {101D1357-8535-46AD-B503-114E2874CA55}
		{B7055FAE-20EE-4EAB-A955-BA7E9F3922C7} = {101D1357-8535-46AD-B503-114E2874CA55}
		{B0CDA5FC-D465-4E74-A4E1-22A47C825560} = {101D1357-8535-46AD-B503-114E2874CA55}
		{A05F5DD7-CDB5-4EBA-A5C3-E44F622C5AFA} = {D04917D6-3543-47FB-AB79-8ACF3611BA0A}
		{5B91538F-32E2-4E23-B0D9-2F0A39B71ED8} = {D04917D6-3543-47FB-AB79-8ACF3611BA0A}
		{31C36D77-195A-47A2-84B4-2A22FB9C828C} = {D04917D6-3543-47FB-AB79-8ACF3611BA0A}
		{9224516B-B590-4491-8B25-5ED0B6B89E73} = {D04917D6-3543-47FB-AB79-8ACF3611BA0A}
	EndGlobalSection
	GlobalSection(ExtensibilityGlobals) = postSolution
		SolutionGuid = {82528BA1-3816-4A54-9BBA-1C81B2B91251}
	EndGlobalSection
EndGlobal
